
Microsoft Visual Studio Solution File, Format Version 12.00
# Visual Studio Version 17
VisualStudioVersion = 17.4.33213.308
MinimumVisualStudioVersion = 10.0.40219.1
Project("{FAE04EC0-301F-11D3-BF4B-00C04F79EFBC}") = "TKETalk2", "TKETalk2\TKETalk2.csproj", "{0D13433E-D96C-45D3-AC30-BBB587A15040}"
EndProject
Global
	GlobalSection(SolutionConfigurationPlatforms) = preSolution
		Debug|Any CPU = Debug|Any CPU
		Release|Any CPU = Release|Any CPU
	EndGlobalSection
	GlobalSection(ProjectConfigurationPlatforms) = postSolution
		{0D13433E-D96C-45D3-AC30-BBB587A15040}.Debug|Any CPU.ActiveCfg = Debug|Any CPU
		{0D13433E-D96C-45D3-AC30-BBB587A15040}.Debug|Any CPU.Build.0 = Debug|Any CPU
		{0D13433E-D96C-45D3-AC30-BBB587A15040}.Release|Any CPU.ActiveCfg = Release|Any CPU
		{0D13433E-D96C-45D3-AC30-BBB587A15040}.Release|Any CPU.Build.0 = Release|Any CPU
	EndGlobalSection
	GlobalSection(SolutionProperties) = preSolution
		HideSolutionNode = FALSE
	EndGlobalSection
	GlobalSection(ExtensibilityGlobals) = postSolution
		SolutionGuid = {7DB3D6CB-631F-415A-83E4-B2457D449BDA}
	EndGlobalSection
EndGlobal
